
Microsoft Visual Studio Solution File, Format Version 12.00
# Visual Studio 14
VisualStudioVersion = 14.0.25420.1
MinimumVisualStudioVersion = 10.0.40219.1
Project("{8BC9CEB8-8B4A-11D0-8D11-00A0C91BC942}") = "PhoneBook", "PhoneBook\PhoneBook.vcxproj", "{86E9651E-4C93-488E-A1BE-1BA849BDF867}"
EndProject
Project("{8BC9CEB8-8B4A-11D0-8D11-00A0C91BC942}") = "HashChains", "HashChains\HashChains.vcxproj", "{BC2C4C2F-AA9C-40A0-9461-9804C5210BE0}"
EndProject
Project("{8BC9CEB8-8B4A-11D0-8D11-00A0C91BC942}") = "HashSubstring", "HashSubstring\HashSubstring.vcxproj", "{05CBCB5A-CCF3-4B63-8824-C6C3FC8D5EFD}"
EndProject
Global
	GlobalSection(SolutionConfigurationPlatforms) = preSolution
		Debug|x64 = Debug|x64
		Debug|x86 = Debug|x86
		Release|x64 = Release|x64
		Release|x86 = Release|x86
	EndGlobalSection
	GlobalSection(ProjectConfigurationPlatforms) = postSolution
		{86E9651E-4C93-488E-A1BE-1BA849BDF867}.Debug|x64.ActiveCfg = Debug|x64
		{86E9651E-4C93-488E-A1BE-1BA849BDF867}.Debug|x64.Build.0 = Debug|x64
		{86E9651E-4C93-488E-A1BE-1BA849BDF867}.Debug|x86.ActiveCfg = Debug|Win32
		{86E9651E-4C93-488E-A1BE-1BA849BDF867}.Debug|x86.Build.0 = Debug|Win32
		{86E9651E-4C93-488E-A1BE-1BA849BDF867}.Release|x64.ActiveCfg = Release|x64
		{86E9651E-4C93-488E-A1BE-1BA849BDF867}.Release|x64.Build.0 = Release|x64
		{86E9651E-4C93-488E-A1BE-1BA849BDF867}.Release|x86.ActiveCfg = Release|Win32
		{86E9651E-4C93-488E-A1BE-1BA849BDF867}.Release|x86.Build.0 = Release|Win32
		{BC2C4C2F-AA9C-40A0-9461-9804C5210BE0}.Debug|x64.ActiveCfg = Debug|x64
		{BC2C4C2F-AA9C-40A0-9461-9804C5210BE0}.Debug|x64.Build.0 = Debug|x64
		{BC2C4C2F-AA9C-40A0-9461-9804C5210BE0}.Debug|x86.ActiveCfg = Debug|Win32
		{BC2C4C2F-AA9C-40A0-9461-9804C5210BE0}.Debug|x86.Build.0 = Debug|Win32
		{BC2C4C2F-AA9C-40A0-9461-9804C5210BE0}.Release|x64.ActiveCfg = Release|x64
		{BC2C4C2F-AA9C-40A0-9461-9804C5210BE0}.Release|x64.Build.0 = Release|x64
		{BC2C4C2F-AA9C-40A0-9461-9804C5210BE0}.Release|x86.ActiveCfg = Release|Win32
		{BC2C4C2F-AA9C-40A0-9461-9804C5210BE0}.Release|x86.Build.0 = Release|Win32
		{05CBCB5A-CCF3-4B63-8824-C6C3FC8D5EFD}.Debug|x64.ActiveCfg = Debug|x64
		{05CBCB5A-CCF3-4B63-8824-C6C3FC8D5EFD}.Debug|x64.Build.0 = Debug|x64
		{05CBCB5A-CCF3-4B63-8824-C6C3FC8D5EFD}.Debug|x86.ActiveCfg = Debug|Win32
		{05CBCB5A-CCF3-4B63-8824-C6C3FC8D5EFD}.Debug|x86.Build.0 = Debug|Win32
		{05CBCB5A-CCF3-4B63-8824-C6C3FC8D5EFD}.Release|x64.ActiveCfg = Release|x64
		{05CBCB5A-CCF3-4B63-8824-C6C3FC8D5EFD}.Release|x64.Build.0 = Release|x64
		{05CBCB5A-CCF3-4B63-8824-C6C3FC8D5EFD}.Release|x86.ActiveCfg = Release|Win32
		{05CBCB5A-CCF3-4B63-8824-C6C3FC8D5EFD}.Release|x86.Build.0 = Release|Win32
	EndGlobalSection
	GlobalSection(SolutionProperties) = preSolution
		HideSolutionNode = FALSE
	EndGlobalSection
EndGlobal
